[{<<"cowboy">>,
  {git,"https://github.com/ninenines/cowboy.git",
       {ref,"d846827b2a70317914621328bd617e4e5d4d13d8"}},
  0},
 {<<"cowlib">>,
  {git,"https://github.com/ninenines/cowlib",
       {ref,"75aaeb8415033b07303febbfeba66d6d3413ad06"}},
  1},
 {<<"goldrush">>,
  {git,"https://github.com/basho/goldrush.git",
       {ref,"8f1b715d36b650ec1e1f5612c00e28af6ab0de82"}},
  1},
 {<<"lager">>,
  {git,"https://github.com/basho/lager.git",
       {ref,"81eaef0ce98fdbf64ab95665e3bc2ec4b24c7dac"}},
  0},
 {<<"mqtt_common">>,
  {git,"https://github.com/alekras/erl.mqtt.common.git",
       {ref,"7bafe0bc03a2417e70dcc39981c9b6094cc0ec19"}},
  0},
 {<<"mysql_client">>,
  {git,"git://git.code.sf.net/p/erlmysql/git",
       {ref,"4141587f3cf27c408f1590f16085c0ca214e6d05"}},
  1},
 {<<"ranch">>,
  {git,"https://github.com/ninenines/ranch",
       {ref,"3190aef88aea04d6dce8545fe9b4574288903f44"}},
  1},
 {<<"rsrc_pool">>,
  {git,"git://git.code.sf.net/p/erlpool/code",
       {ref,"6576c446757381bcf1d32c8a2f1af2e9303e8daa"}},
  2}].
